
Microsoft Visual Studio Solution File, Format Version 12.00
# Visual Studio Version 16
VisualStudioVersion = 16.0.30717.126
MinimumVisualStudioVersion = 10.0.40219.1
Project("{FAE04EC0-301F-11D3-BF4B-00C04F79EFBC}") = "Videoteka", "Videoteka.csproj", "{D23FE7FB-4B42-4873-B6B8-F0A472F89638}"
EndProject
Global
	GlobalSection(SolutionConfigurationPlatforms) = preSolution
		Debug|Any CPU = Debug|Any CPU
		Release|Any CPU = Release|Any CPU
	EndGlobalSection
	GlobalSection(ProjectConfigurationPlatforms) = postSolution
		{D23FE7FB-4B42-4873-B6B8-F0A472F89638}.Debug|Any CPU.ActiveCfg = Debug|Any CPU
		{D23FE7FB-4B42-4873-B6B8-F0A472F89638}.Debug|Any CPU.Build.0 = Debug|Any CPU
		{D23FE7FB-4B42-4873-B6B8-F0A472F89638}.Release|Any CPU.ActiveCfg = Release|Any CPU
		{D23FE7FB-4B42-4873-B6B8-F0A472F89638}.Release|Any CPU.Build.0 = Release|Any CPU
	EndGlobalSection
	GlobalSection(SolutionProperties) = preSolution
		HideSolutionNode = FALSE
	EndGlobalSection
	GlobalSection(ExtensibilityGlobals) = postSolution
		SolutionGuid = {92E724B2-B940-4580-95A2-862957FC3DDC}
	EndGlobalSection
EndGlobal
